
Microsoft Visual Studio Solution File, Format Version 12.00
# Visual Studio Version 17
VisualStudioVersion = 17.1.32319.34
MinimumVisualStudioVersion = 10.0.40219.1
Project("{FAE04EC0-301F-11D3-BF4B-00C04F79EFBC}") = "ArbanZones", "ArbanZones\ArbanZones.csproj", "{355EFB31-C511-4F66-91EA-51BD47AF7EB4}"
EndProject
Project("{FAE04EC0-301F-11D3-BF4B-00C04F79EFBC}") = "ArbanZonesDataAccess", "ArbanZonesDataAccess\ArbanZonesDataAccess.csproj", "{E5A75BDD-348A-4889-B74B-5E5DCCA4219A}"
EndProject
Global
	GlobalSection(SolutionConfigurationPlatforms) = preSolution
		Debug|Any CPU = Debug|Any CPU
		Release|Any CPU = Release|Any CPU
	EndGlobalSection
	GlobalSection(ProjectConfigurationPlatforms) = postSolution
		{355EFB31-C511-4F66-91EA-51BD47AF7EB4}.Debug|Any CPU.ActiveCfg = Debug|Any CPU
		{355EFB31-C511-4F66-91EA-51BD47AF7EB4}.Debug|Any CPU.Build.0 = Debug|Any CPU
		{355EFB31-C511-4F66-91EA-51BD47AF7EB4}.Release|Any CPU.ActiveCfg = Release|Any CPU
		{355EFB31-C511-4F66-91EA-51BD47AF7EB4}.Release|Any CPU.Build.0 = Release|Any CPU
		{E5A75BDD-348A-4889-B74B-5E5DCCA4219A}.Debug|Any CPU.ActiveCfg = Debug|Any CPU
		{E5A75BDD-348A-4889-B74B-5E5DCCA4219A}.Debug|Any CPU.Build.0 = Debug|Any CPU
		{E5A75BDD-348A-4889-B74B-5E5DCCA4219A}.Release|Any CPU.ActiveCfg = Release|Any CPU
		{E5A75BDD-348A-4889-B74B-5E5DCCA4219A}.Release|Any CPU.Build.0 = Release|Any CPU
	EndGlobalSection
	GlobalSection(SolutionProperties) = preSolution
		HideSolutionNode = FALSE
	EndGlobalSection
	GlobalSection(ExtensibilityGlobals) = postSolution
		SolutionGuid = {615CAB91-CED6-464C-930F-D157B162529F}
	EndGlobalSection
EndGlobal
